
Microsoft Visual Studio Solution File, Format Version 12.00
# Visual Studio Version 17
VisualStudioVersion = 17.14.36518.9 d17.14
MinimumVisualStudioVersion = 10.0.40219.1
Project("{FAE04EC0-301F-11D3-BF4B-00C04F79EFBC}") = "PawFeeder", "PawFeeder\PawFeeder.csproj", "{7B4455DA-0721-4C56-A00D-465372DDDF12}"
EndProject
Global
	GlobalSection(SolutionConfigurationPlatforms) = preSolution
		Debug|Any CPU = Debug|Any CPU
		Release|Any CPU = Release|Any CPU
	EndGlobalSection
	GlobalSection(ProjectConfigurationPlatforms) = postSolution
		{7B4455DA-0721-4C56-A00D-465372DDDF12}.Debug|Any CPU.ActiveCfg = Debug|Any CPU
		{7B4455DA-0721-4C56-A00D-465372DDDF12}.Debug|Any CPU.Build.0 = Debug|Any CPU
		{7B4455DA-0721-4C56-A00D-465372DDDF12}.Release|Any CPU.ActiveCfg = Release|Any CPU
		{7B4455DA-0721-4C56-A00D-465372DDDF12}.Release|Any CPU.Build.0 = Release|Any CPU
	EndGlobalSection
	GlobalSection(SolutionProperties) = preSolution
		HideSolutionNode = FALSE
	EndGlobalSection
	GlobalSection(ExtensibilityGlobals) = postSolution
		SolutionGuid = {B823049A-E967-409B-A364-D06328BE8FDD}
	EndGlobalSection
EndGlobal
